
Microsoft Visual Studio Solution File, Format Version 12.00
Project("{2150E333-8FDC-42A3-9474-1A3956D46DE8}") = "csharp10", "csharp10", "{93AD1C8D-8150-47D9-9F6B-B18024E27D5D}"
EndProject
Project("{2150E333-8FDC-42A3-9474-1A3956D46DE8}") = "csharp11", "csharp11", "{F47E8A4A-7077-46A2-A1B5-F58F543236BF}"
EndProject
Project("{FAE04EC0-301F-11D3-BF4B-00C04F79EFBC}") = "Polysharp.Playground.CSharp10.CompilerOnly", "Polysharp.Playground.CSharp10.CompilerOnly\Polysharp.Playground.CSharp10.CompilerOnly.csproj", "{BA4126EC-0C15-4187-9CB2-15BE61EAE217}"
EndProject
Project("{2150E333-8FDC-42A3-9474-1A3956D46DE8}") = "csharp9", "csharp9", "{366948AE-909F-450B-9BF5-BBAF65A93CF3}"
EndProject
Project("{FAE04EC0-301F-11D3-BF4B-00C04F79EFBC}") = "Polysharp.Playground.CSharp9.CompilerOnly", "Polysharp.Playground.CSharp9.CompilerOnly\Polysharp.Playground.CSharp9.CompilerOnly.csproj", "{6549B25C-F633-4443-A382-B16A2F112510}"
EndProject
Project("{FAE04EC0-301F-11D3-BF4B-00C04F79EFBC}") = "Polysharp.Playground.CSharp9.RequirePolyfills", "Polysharp.Playground.CSharp9.RequirePolyfills\Polysharp.Playground.CSharp9.RequirePolyfills.csproj", "{01589CCC-D7F5-4D4E-BC70-554F41ACB5E2}"
EndProject
Project("{FAE04EC0-301F-11D3-BF4B-00C04F79EFBC}") = "Polysharp.Playground.CSharp9.RequireRuntime", "Polysharp.Playground.CSharp9.RequireRuntime\Polysharp.Playground.CSharp9.RequireRuntime.csproj", "{C71C59E8-1BA7-452E-BB80-0D3128ABDA8C}"
EndProject
Project("{2150E333-8FDC-42A3-9474-1A3956D46DE8}") = "csharp8", "csharp8", "{70029127-6FB3-49C6-83D2-B20BF5AF6862}"
EndProject
Project("{FAE04EC0-301F-11D3-BF4B-00C04F79EFBC}") = "Polysharp.Playground.CSharp8.CompilerOnly", "Polysharp.Playground.CSharp8.CompilerOnly\Polysharp.Playground.CSharp8.CompilerOnly.csproj", "{03A22FC0-3FCE-49DC-8B5C-B5DC5D54A990}"
EndProject
Project("{2150E333-8FDC-42A3-9474-1A3956D46DE8}") = "SolutionItems", "SolutionItems", "{1571BAE7-A979-45CA-8770-852C55FE68FE}"
	ProjectSection(SolutionItems) = preProject
		readme.md = readme.md
		Directory.Build.props = Directory.Build.props
		Directory.Packages.props = Directory.Packages.props
		Nuget.config = Nuget.config
	EndProjectSection
EndProject
Project("{FAE04EC0-301F-11D3-BF4B-00C04F79EFBC}") = "Polysharp.Playground.CSharp10.RequirePolyfills", "Polysharp.Playground.CSharp10.RequirePolyfills\Polysharp.Playground.CSharp10.RequirePolyfills.csproj", "{C0EF9906-5B3E-4B1F-94B7-E80435BCC827}"
EndProject
Project("{FAE04EC0-301F-11D3-BF4B-00C04F79EFBC}") = "Polysharp.Playground.CSharp10.RequireRuntime", "Polysharp.Playground.CSharp10.RequireRuntime\Polysharp.Playground.CSharp10.RequireRuntime.csproj", "{DCDB6FC8-534C-407A-A10A-CB66DFCBC87E}"
EndProject
Project("{2150E333-8FDC-42A3-9474-1A3956D46DE8}") = "csharp12", "csharp12", "{7BFD9B40-BBE3-4892-A0C0-04BF734B7E2E}"
EndProject
Project("{FAE04EC0-301F-11D3-BF4B-00C04F79EFBC}") = "Polysharp.Playground.CSharp12.CompilerOnly", "Polysharp.Playground.CSharp12.CompilerOnly\Polysharp.Playground.CSharp12.CompilerOnly.csproj", "{6EC72346-9C51-4E43-8001-23B8D938EDE6}"
EndProject
Project("{FAE04EC0-301F-11D3-BF4B-00C04F79EFBC}") = "Polysharp.Playground.CSharp12.RequirePolyfills", "Polysharp.Playground.CSharp12.RequirePolyfills\Polysharp.Playground.CSharp12.RequirePolyfills.csproj", "{61D34887-E634-4532-9858-A7DBAE8C5EC6}"
EndProject
Project("{FAE04EC0-301F-11D3-BF4B-00C04F79EFBC}") = "Polysharp.Playground.CSharp12.RequireRuntime", "Polysharp.Playground.CSharp12.RequireRuntime\Polysharp.Playground.CSharp12.RequireRuntime.csproj", "{3ACD544B-2EC5-4AFA-A9A2-08BE74F033C5}"
EndProject
Project("{FAE04EC0-301F-11D3-BF4B-00C04F79EFBC}") = "Polysharp.Playground.CSharp8.RequirePolyfills", "Polysharp.Playground.CSharp8.RequirePolyfills\Polysharp.Playground.CSharp8.RequirePolyfills.csproj", "{104FB5D4-0F48-481B-A92F-2F54CDD44D03}"
EndProject
Project("{FAE04EC0-301F-11D3-BF4B-00C04F79EFBC}") = "Polysharp.Playground.CSharp8.RequireRuntime", "Polysharp.Playground.CSharp8.RequireRuntime\Polysharp.Playground.CSharp8.RequireRuntime.csproj", "{5BEF8EB3-F234-42D0-9624-90C341DB734E}"
EndProject
Project("{FAE04EC0-301F-11D3-BF4B-00C04F79EFBC}") = "Polysharp.Playground.CSharp11.CompilerOnly", "Polysharp.Playground.CSharp11.CompilerOnly\Polysharp.Playground.CSharp11.CompilerOnly.csproj", "{5B725B53-6FEB-43B6-8BD4-4F5E609169DF}"
EndProject
Project("{FAE04EC0-301F-11D3-BF4B-00C04F79EFBC}") = "Polysharp.Playground.CSharp11.RequirePolyfills", "Polysharp.Playground.CSharp11.RequirePolyfills\Polysharp.Playground.CSharp11.RequirePolyfills.csproj", "{7C3F0666-79EB-433B-BF6C-774F9C4D2390}"
EndProject
Project("{FAE04EC0-301F-11D3-BF4B-00C04F79EFBC}") = "Polysharp.Playground.CSharp11.RequireRuntime", "Polysharp.Playground.CSharp11.RequireRuntime\Polysharp.Playground.CSharp11.RequireRuntime.csproj", "{997D5CF4-651E-489D-8264-85D15C44DB4A}"
EndProject
Project("{2150E333-8FDC-42A3-9474-1A3956D46DE8}") = "csharp13", "csharp13", "{F3C22035-C160-4F92-8022-01CB3412D935}"
EndProject
Project("{FAE04EC0-301F-11D3-BF4B-00C04F79EFBC}") = "Polysharp.Playground.CSharp13.CompilerOnly", "Polysharp.Playground.CSharp13.CompilerOnly\Polysharp.Playground.CSharp13.CompilerOnly.csproj", "{17B7B1B3-B199-4057-A079-22152E446104}"
EndProject
Project("{FAE04EC0-301F-11D3-BF4B-00C04F79EFBC}") = "Polysharp.Playground.CSharp13.RequirePolyfills", "Polysharp.Playground.CSharp13.RequirePolyfills\Polysharp.Playground.CSharp13.RequirePolyfills.csproj", "{360B8E72-62A3-47D4-8B12-9A2968C1A4F7}"
EndProject
Project("{FAE04EC0-301F-11D3-BF4B-00C04F79EFBC}") = "Polysharp.Playground.CSharp13.RequireRuntime", "Polysharp.Playground.CSharp13.RequireRuntime\Polysharp.Playground.CSharp13.RequireRuntime.csproj", "{B120A5AD-1D72-4787-B61D-3A02D67F5FA6}"
EndProject
Global
	GlobalSection(SolutionConfigurationPlatforms) = preSolution
		Debug|Any CPU = Debug|Any CPU
		Release|Any CPU = Release|Any CPU
	EndGlobalSection
	GlobalSection(ProjectConfigurationPlatforms) = postSolution
		{BA4126EC-0C15-4187-9CB2-15BE61EAE217}.Debug|Any CPU.ActiveCfg = Debug|Any CPU
		{BA4126EC-0C15-4187-9CB2-15BE61EAE217}.Debug|Any CPU.Build.0 = Debug|Any CPU
		{BA4126EC-0C15-4187-9CB2-15BE61EAE217}.Release|Any CPU.ActiveCfg = Release|Any CPU
		{BA4126EC-0C15-4187-9CB2-15BE61EAE217}.Release|Any CPU.Build.0 = Release|Any CPU
		{6549B25C-F633-4443-A382-B16A2F112510}.Debug|Any CPU.ActiveCfg = Debug|Any CPU
		{6549B25C-F633-4443-A382-B16A2F112510}.Debug|Any CPU.Build.0 = Debug|Any CPU
		{6549B25C-F633-4443-A382-B16A2F112510}.Release|Any CPU.ActiveCfg = Release|Any CPU
		{6549B25C-F633-4443-A382-B16A2F112510}.Release|Any CPU.Build.0 = Release|Any CPU
		{01589CCC-D7F5-4D4E-BC70-554F41ACB5E2}.Debug|Any CPU.ActiveCfg = Debug|Any CPU
		{01589CCC-D7F5-4D4E-BC70-554F41ACB5E2}.Debug|Any CPU.Build.0 = Debug|Any CPU
		{01589CCC-D7F5-4D4E-BC70-554F41ACB5E2}.Release|Any CPU.ActiveCfg = Release|Any CPU
		{01589CCC-D7F5-4D4E-BC70-554F41ACB5E2}.Release|Any CPU.Build.0 = Release|Any CPU
		{C71C59E8-1BA7-452E-BB80-0D3128ABDA8C}.Debug|Any CPU.ActiveCfg = Debug|Any CPU
		{C71C59E8-1BA7-452E-BB80-0D3128ABDA8C}.Debug|Any CPU.Build.0 = Debug|Any CPU
		{C71C59E8-1BA7-452E-BB80-0D3128ABDA8C}.Release|Any CPU.ActiveCfg = Release|Any CPU
		{C71C59E8-1BA7-452E-BB80-0D3128ABDA8C}.Release|Any CPU.Build.0 = Release|Any CPU
		{03A22FC0-3FCE-49DC-8B5C-B5DC5D54A990}.Debug|Any CPU.ActiveCfg = Debug|Any CPU
		{03A22FC0-3FCE-49DC-8B5C-B5DC5D54A990}.Debug|Any CPU.Build.0 = Debug|Any CPU
		{03A22FC0-3FCE-49DC-8B5C-B5DC5D54A990}.Release|Any CPU.ActiveCfg = Release|Any CPU
		{03A22FC0-3FCE-49DC-8B5C-B5DC5D54A990}.Release|Any CPU.Build.0 = Release|Any CPU
		{C0EF9906-5B3E-4B1F-94B7-E80435BCC827}.Debug|Any CPU.ActiveCfg = Debug|Any CPU
		{C0EF9906-5B3E-4B1F-94B7-E80435BCC827}.Debug|Any CPU.Build.0 = Debug|Any CPU
		{C0EF9906-5B3E-4B1F-94B7-E80435BCC827}.Release|Any CPU.ActiveCfg = Release|Any CPU
		{C0EF9906-5B3E-4B1F-94B7-E80435BCC827}.Release|Any CPU.Build.0 = Release|Any CPU
		{DCDB6FC8-534C-407A-A10A-CB66DFCBC87E}.Debug|Any CPU.ActiveCfg = Debug|Any CPU
		{DCDB6FC8-534C-407A-A10A-CB66DFCBC87E}.Debug|Any CPU.Build.0 = Debug|Any CPU
		{DCDB6FC8-534C-407A-A10A-CB66DFCBC87E}.Release|Any CPU.ActiveCfg = Release|Any CPU
		{DCDB6FC8-534C-407A-A10A-CB66DFCBC87E}.Release|Any CPU.Build.0 = Release|Any CPU
		{6EC72346-9C51-4E43-8001-23B8D938EDE6}.Debug|Any CPU.ActiveCfg = Debug|Any CPU
		{6EC72346-9C51-4E43-8001-23B8D938EDE6}.Debug|Any CPU.Build.0 = Debug|Any CPU
		{6EC72346-9C51-4E43-8001-23B8D938EDE6}.Release|Any CPU.ActiveCfg = Release|Any CPU
		{6EC72346-9C51-4E43-8001-23B8D938EDE6}.Release|Any CPU.Build.0 = Release|Any CPU
		{61D34887-E634-4532-9858-A7DBAE8C5EC6}.Debug|Any CPU.ActiveCfg = Debug|Any CPU
		{61D34887-E634-4532-9858-A7DBAE8C5EC6}.Debug|Any CPU.Build.0 = Debug|Any CPU
		{61D34887-E634-4532-9858-A7DBAE8C5EC6}.Release|Any CPU.ActiveCfg = Release|Any CPU
		{61D34887-E634-4532-9858-A7DBAE8C5EC6}.Release|Any CPU.Build.0 = Release|Any CPU
		{3ACD544B-2EC5-4AFA-A9A2-08BE74F033C5}.Debug|Any CPU.ActiveCfg = Debug|Any CPU
		{3ACD544B-2EC5-4AFA-A9A2-08BE74F033C5}.Debug|Any CPU.Build.0 = Debug|Any CPU
		{3ACD544B-2EC5-4AFA-A9A2-08BE74F033C5}.Release|Any CPU.ActiveCfg = Release|Any CPU
		{3ACD544B-2EC5-4AFA-A9A2-08BE74F033C5}.Release|Any CPU.Build.0 = Release|Any CPU
		{104FB5D4-0F48-481B-A92F-2F54CDD44D03}.Debug|Any CPU.ActiveCfg = Debug|Any CPU
		{104FB5D4-0F48-481B-A92F-2F54CDD44D03}.Debug|Any CPU.Build.0 = Debug|Any CPU
		{104FB5D4-0F48-481B-A92F-2F54CDD44D03}.Release|Any CPU.ActiveCfg = Release|Any CPU
		{104FB5D4-0F48-481B-A92F-2F54CDD44D03}.Release|Any CPU.Build.0 = Release|Any CPU
		{5BEF8EB3-F234-42D0-9624-90C341DB734E}.Debug|Any CPU.ActiveCfg = Debug|Any CPU
		{5BEF8EB3-F234-42D0-9624-90C341DB734E}.Debug|Any CPU.Build.0 = Debug|Any CPU
		{5BEF8EB3-F234-42D0-9624-90C341DB734E}.Release|Any CPU.ActiveCfg = Release|Any CPU
		{5BEF8EB3-F234-42D0-9624-90C341DB734E}.Release|Any CPU.Build.0 = Release|Any CPU
		{5B725B53-6FEB-43B6-8BD4-4F5E609169DF}.Debug|Any CPU.ActiveCfg = Debug|Any CPU
		{5B725B53-6FEB-43B6-8BD4-4F5E609169DF}.Debug|Any CPU.Build.0 = Debug|Any CPU
		{5B725B53-6FEB-43B6-8BD4-4F5E609169DF}.Release|Any CPU.ActiveCfg = Release|Any CPU
		{5B725B53-6FEB-43B6-8BD4-4F5E609169DF}.Release|Any CPU.Build.0 = Release|Any CPU
		{7C3F0666-79EB-433B-BF6C-774F9C4D2390}.Debug|Any CPU.ActiveCfg = Debug|Any CPU
		{7C3F0666-79EB-433B-BF6C-774F9C4D2390}.Debug|Any CPU.Build.0 = Debug|Any CPU
		{7C3F0666-79EB-433B-BF6C-774F9C4D2390}.Release|Any CPU.ActiveCfg = Release|Any CPU
		{7C3F0666-79EB-433B-BF6C-774F9C4D2390}.Release|Any CPU.Build.0 = Release|Any CPU
		{997D5CF4-651E-489D-8264-85D15C44DB4A}.Debug|Any CPU.ActiveCfg = Debug|Any CPU
		{997D5CF4-651E-489D-8264-85D15C44DB4A}.Debug|Any CPU.Build.0 = Debug|Any CPU
		{997D5CF4-651E-489D-8264-85D15C44DB4A}.Release|Any CPU.ActiveCfg = Release|Any CPU
		{997D5CF4-651E-489D-8264-85D15C44DB4A}.Release|Any CPU.Build.0 = Release|Any CPU
		{17B7B1B3-B199-4057-A079-22152E446104}.Debug|Any CPU.ActiveCfg = Debug|Any CPU
		{17B7B1B3-B199-4057-A079-22152E446104}.Debug|Any CPU.Build.0 = Debug|Any CPU
		{17B7B1B3-B199-4057-A079-22152E446104}.Release|Any CPU.ActiveCfg = Release|Any CPU
		{17B7B1B3-B199-4057-A079-22152E446104}.Release|Any CPU.Build.0 = Release|Any CPU
		{360B8E72-62A3-47D4-8B12-9A2968C1A4F7}.Debug|Any CPU.ActiveCfg = Debug|Any CPU
		{360B8E72-62A3-47D4-8B12-9A2968C1A4F7}.Debug|Any CPU.Build.0 = Debug|Any CPU
		{360B8E72-62A3-47D4-8B12-9A2968C1A4F7}.Release|Any CPU.ActiveCfg = Release|Any CPU
		{360B8E72-62A3-47D4-8B12-9A2968C1A4F7}.Release|Any CPU.Build.0 = Release|Any CPU
		{B120A5AD-1D72-4787-B61D-3A02D67F5FA6}.Debug|Any CPU.ActiveCfg = Debug|Any CPU
		{B120A5AD-1D72-4787-B61D-3A02D67F5FA6}.Debug|Any CPU.Build.0 = Debug|Any CPU
		{B120A5AD-1D72-4787-B61D-3A02D67F5FA6}.Release|Any CPU.ActiveCfg = Release|Any CPU
		{B120A5AD-1D72-4787-B61D-3A02D67F5FA6}.Release|Any CPU.Build.0 = Release|Any CPU
	EndGlobalSection
	GlobalSection(NestedProjects) = preSolution
		{BA4126EC-0C15-4187-9CB2-15BE61EAE217} = {93AD1C8D-8150-47D9-9F6B-B18024E27D5D}
		{6549B25C-F633-4443-A382-B16A2F112510} = {366948AE-909F-450B-9BF5-BBAF65A93CF3}
		{01589CCC-D7F5-4D4E-BC70-554F41ACB5E2} = {366948AE-909F-450B-9BF5-BBAF65A93CF3}
		{C71C59E8-1BA7-452E-BB80-0D3128ABDA8C} = {366948AE-909F-450B-9BF5-BBAF65A93CF3}
		{03A22FC0-3FCE-49DC-8B5C-B5DC5D54A990} = {70029127-6FB3-49C6-83D2-B20BF5AF6862}
		{C0EF9906-5B3E-4B1F-94B7-E80435BCC827} = {93AD1C8D-8150-47D9-9F6B-B18024E27D5D}
		{DCDB6FC8-534C-407A-A10A-CB66DFCBC87E} = {93AD1C8D-8150-47D9-9F6B-B18024E27D5D}
		{6EC72346-9C51-4E43-8001-23B8D938EDE6} = {7BFD9B40-BBE3-4892-A0C0-04BF734B7E2E}
		{61D34887-E634-4532-9858-A7DBAE8C5EC6} = {7BFD9B40-BBE3-4892-A0C0-04BF734B7E2E}
		{3ACD544B-2EC5-4AFA-A9A2-08BE74F033C5} = {7BFD9B40-BBE3-4892-A0C0-04BF734B7E2E}
		{104FB5D4-0F48-481B-A92F-2F54CDD44D03} = {70029127-6FB3-49C6-83D2-B20BF5AF6862}
		{5BEF8EB3-F234-42D0-9624-90C341DB734E} = {70029127-6FB3-49C6-83D2-B20BF5AF6862}
		{5B725B53-6FEB-43B6-8BD4-4F5E609169DF} = {F47E8A4A-7077-46A2-A1B5-F58F543236BF}
		{7C3F0666-79EB-433B-BF6C-774F9C4D2390} = {F47E8A4A-7077-46A2-A1B5-F58F543236BF}
		{997D5CF4-651E-489D-8264-85D15C44DB4A} = {F47E8A4A-7077-46A2-A1B5-F58F543236BF}
		{17B7B1B3-B199-4057-A079-22152E446104} = {F3C22035-C160-4F92-8022-01CB3412D935}
		{360B8E72-62A3-47D4-8B12-9A2968C1A4F7} = {F3C22035-C160-4F92-8022-01CB3412D935}
		{B120A5AD-1D72-4787-B61D-3A02D67F5FA6} = {F3C22035-C160-4F92-8022-01CB3412D935}
	EndGlobalSection
EndGlobal
